{
  "name": "piminer",
  "lockfileVersion": 2,
  "requires": true,
  "packages": {
    "": {
      "dependencies": {
        "systeminformation": "^5.9.17"
      }
    },
    "node_modules/systeminformation": {
      "version": "5.9.17",
      "resolved": "https://registry.npmjs.org/systeminformation/-/systeminformation-5.9.17.tgz",
      "integrity": "sha512-hbJtPsG63PCst4PLXFq8hycbkeR5oGDquRowfLK0gNX7nJ1qx3tCbsWu83OL4GP1dkcLMKsVooLUn5x2K1Epgg==",
      "os": [
        "darwin",
        "linux",
        "win32",
        "freebsd",
        "openbsd",
        "netbsd",
        "sunos"
      ],
      "bin": {
        "systeminformation": "lib/cli.js"
      },
      "engines": {
        "node": ">=8.0.0"
      },
      "funding": {
        "type": "Buy me a coffee",
        "url": "https://www.buymeacoffee.com/systeminfo"
      }
    }
  },
  "dependencies": {
    "systeminformation": {
      "version": "5.9.17",
      "resolved": "https://registry.npmjs.org/systeminformation/-/systeminformation-5.9.17.tgz",
      "integrity": "sha512-hbJtPsG63PCst4PLXFq8hycbkeR5oGDquRowfLK0gNX7nJ1qx3tCbsWu83OL4GP1dkcLMKsVooLUn5x2K1Epgg=="
    }
  }
}
